
Microsoft Visual Studio Solution File, Format Version 12.00
# Visual Studio 15
VisualStudioVersion = 15.0.27130.2027
MinimumVisualStudioVersion = 10.0.40219.1
Project("{9A19103F-16F7-4668-BE54-9A1E7A4F7556}") = "Crypo", "Crypo\Crypo.csproj", "{66FF43BA-7E8A-47CC-B877-8D39AFD63C24}"
EndProject
Project("{9A19103F-16F7-4668-BE54-9A1E7A4F7556}") = "CrypyData", "CrypyData\CrypyData.csproj", "{EB54F5AE-0E83-40B8-8B2D-4F896EF47DF5}"
EndProject
Project("{9A19103F-16F7-4668-BE54-9A1E7A4F7556}") = "CrypyServices", "CrypyServices\CrypyServices.csproj", "{B0A2127B-5E24-4E9D-AC31-7CE250A7B768}"
EndProject
Global
	GlobalSection(SolutionConfigurationPlatforms) = preSolution
		Debug|Any CPU = Debug|Any CPU
		Release|Any CPU = Release|Any CPU
	EndGlobalSection
	GlobalSection(ProjectConfigurationPlatforms) = postSolution
		{66FF43BA-7E8A-47CC-B877-8D39AFD63C24}.Debug|Any CPU.ActiveCfg = Debug|Any CPU
		{66FF43BA-7E8A-47CC-B877-8D39AFD63C24}.Debug|Any CPU.Build.0 = Debug|Any CPU
		{66FF43BA-7E8A-47CC-B877-8D39AFD63C24}.Release|Any CPU.ActiveCfg = Debug|Any CPU
		{66FF43BA-7E8A-47CC-B877-8D39AFD63C24}.Release|Any CPU.Build.0 = Debug|Any CPU
		{EB54F5AE-0E83-40B8-8B2D-4F896EF47DF5}.Debug|Any CPU.ActiveCfg = Debug|Any CPU
		{EB54F5AE-0E83-40B8-8B2D-4F896EF47DF5}.Debug|Any CPU.Build.0 = Debug|Any CPU
		{EB54F5AE-0E83-40B8-8B2D-4F896EF47DF5}.Release|Any CPU.ActiveCfg = Debug|Any CPU
		{EB54F5AE-0E83-40B8-8B2D-4F896EF47DF5}.Release|Any CPU.Build.0 = Debug|Any CPU
		{B0A2127B-5E24-4E9D-AC31-7CE250A7B768}.Debug|Any CPU.ActiveCfg = Debug|Any CPU
		{B0A2127B-5E24-4E9D-AC31-7CE250A7B768}.Debug|Any CPU.Build.0 = Debug|Any CPU
		{B0A2127B-5E24-4E9D-AC31-7CE250A7B768}.Release|Any CPU.ActiveCfg = Debug|Any CPU
		{B0A2127B-5E24-4E9D-AC31-7CE250A7B768}.Release|Any CPU.Build.0 = Debug|Any CPU
	EndGlobalSection
	GlobalSection(SolutionProperties) = preSolution
		HideSolutionNode = FALSE
	EndGlobalSection
	GlobalSection(ExtensibilityGlobals) = postSolution
		SolutionGuid = {893F3BE0-A007-45B0-9493-C9EB045E8260}
	EndGlobalSection
EndGlobal
